// !$*UTF8*$!
{
	archiveVersion = 1;
	classes = {
	};
	objectVersion = 46;
	objects = {

/* Begin PBXAggregateTarget section */
		F6A0711F1A125ADE00CDFFD0 /* ColorTools */ = {
			isa = PBXAggregateTarget;
			buildConfigurationList = F6A071221A125ADF00CDFFD0 /* Build configuration list for PBXAggregateTarget "ColorTools" */;
			buildPhases = (
			);
			dependencies = (
				F6A071241A125AF700CDFFD0 /* PBXTargetDependency */,
				F6A071261A125AF700CDFFD0 /* PBXTargetDependency */,
				F6A071281A125AF700CDFFD0 /* PBXTargetDependency */,
				F6A0712A1A125AF700CDFFD0 /* PBXTargetDependency */,
				F6A0712C1A125AF700CDFFD0 /* PBXTargetDependency */,
			);
			name = ColorTools;
			productName = ColorTools;
		};
/* End PBXAggregateTarget section */

/* Begin PBXBuildFile section */
		F62BC4F5191E73D70040FD69 /* Foundation.framework in Frameworks */ = {isa = PBXBuildFile; fileRef = F6A33F7518AB855F00DF400D /* Foundation.framework */; };
		F62BC4F8191E73D70040FD69 /* main.m in Sources */ = {isa = PBXBuildFile; fileRef = F62BC4F7191E73D70040FD69 /* main.m */; };
		F62BC4FC191E73D70040FD69 /* Clr2Ase.1 in CopyFiles */ = {isa = PBXBuildFile; fileRef = F62BC4FB191E73D70040FD69 /* Clr2Ase.1 */; };
		F62BC500191E845C0040FD69 /* RPCAdobeSwatchExchange.m in Sources */ = {isa = PBXBuildFile; fileRef = F6A33F8418AB85A000DF400D /* RPCAdobeSwatchExchange.m */; };
		F62BC501191E845C0040FD69 /* NSData+Bigendian.m in Sources */ = {isa = PBXBuildFile; fileRef = F6A33F8718AB8FE300DF400D /* NSData+Bigendian.m */; };
		F6A33F7618AB855F00DF400D /* Foundation.framework in Frameworks */ = {isa = PBXBuildFile; fileRef = F6A33F7518AB855F00DF400D /* Foundation.framework */; };
		F6A33F7918AB855F00DF400D /* main.m in Sources */ = {isa = PBXBuildFile; fileRef = F6A33F7818AB855F00DF400D /* main.m */; };
		F6A33F7D18AB855F00DF400D /* Ase2Clr.1 in CopyFiles */ = {isa = PBXBuildFile; fileRef = F6A33F7C18AB855F00DF400D /* Ase2Clr.1 */; };
		F6A33F8518AB85A000DF400D /* RPCAdobeSwatchExchange.m in Sources */ = {isa = PBXBuildFile; fileRef = F6A33F8418AB85A000DF400D /* RPCAdobeSwatchExchange.m */; };
		F6A33F8818AB8FE300DF400D /* NSData+Bigendian.m in Sources */ = {isa = PBXBuildFile; fileRef = F6A33F8718AB8FE300DF400D /* NSData+Bigendian.m */; };
		F6A33F8A18ABAD2E00DF400D /* AppKit.framework in Frameworks */ = {isa = PBXBuildFile; fileRef = F6A33F8918ABAD2E00DF400D /* AppKit.framework */; };
		F6A33F9118ABCB1800DF400D /* Cocoa.framework in Frameworks */ = {isa = PBXBuildFile; fileRef = F6A33F9018ABCB1800DF400D /* Cocoa.framework */; };
		F6A33F9B18ABCB1800DF400D /* InfoPlist.strings in Resources */ = {isa = PBXBuildFile; fileRef = F6A33F9918ABCB1800DF400D /* InfoPlist.strings */; };
		F6A33F9D18ABCB1800DF400D /* main.m in Sources */ = {isa = PBXBuildFile; fileRef = F6A33F9C18ABCB1800DF400D /* main.m */; };
		F6A33FA118ABCB1800DF400D /* Credits.rtf in Resources */ = {isa = PBXBuildFile; fileRef = F6A33F9F18ABCB1800DF400D /* Credits.rtf */; };
		F6A33FA418ABCB1800DF400D /* RPCAppDelegate.m in Sources */ = {isa = PBXBuildFile; fileRef = F6A33FA318ABCB1800DF400D /* RPCAppDelegate.m */; };
		F6A33FA718ABCB1800DF400D /* MainMenu.xib in Resources */ = {isa = PBXBuildFile; fileRef = F6A33FA518ABCB1800DF400D /* MainMenu.xib */; };
		F6A33FA918ABCB1800DF400D /* Images.xcassets in Resources */ = {isa = PBXBuildFile; fileRef = F6A33FA818ABCB1800DF400D /* Images.xcassets */; };
		F6B9EC3219A6200B00C61B45 /* Foundation.framework in Frameworks */ = {isa = PBXBuildFile; fileRef = F6A33F7518AB855F00DF400D /* Foundation.framework */; };
		F6B9EC3519A6200B00C61B45 /* main.m in Sources */ = {isa = PBXBuildFile; fileRef = F6B9EC3419A6200B00C61B45 /* main.m */; };
		F6B9EC3919A6200C00C61B45 /* Clr2Obj.1 in CopyFiles */ = {isa = PBXBuildFile; fileRef = F6B9EC3819A6200C00C61B45 /* Clr2Obj.1 */; };
		F6B9EC3F19A6239400C61B45 /* NSString+CamelCaser.m in Sources */ = {isa = PBXBuildFile; fileRef = F6B9EC3E19A6239400C61B45 /* NSString+CamelCaser.m */; };
		F6CAB2A11906A3CC00DA9745 /* Foundation.framework in Frameworks */ = {isa = PBXBuildFile; fileRef = F6A33F7518AB855F00DF400D /* Foundation.framework */; };
		F6CAB2A41906A3CC00DA9745 /* main.m in Sources */ = {isa = PBXBuildFile; fileRef = F6CAB2A31906A3CC00DA9745 /* main.m */; };
		F6CAB2A81906A3CC00DA9745 /* Html2Clr.1 in CopyFiles */ = {isa = PBXBuildFile; fileRef = F6CAB2A71906A3CC00DA9745 /* Html2Clr.1 */; };
		F6CAB2AC1906A3E900DA9745 /* NSData+Bigendian.m in Sources */ = {isa = PBXBuildFile; fileRef = F6A33F8718AB8FE300DF400D /* NSData+Bigendian.m */; };
		F6CAB2AD1906A3EC00DA9745 /* RPCAdobeSwatchExchange.m in Sources */ = {isa = PBXBuildFile; fileRef = F6A33F8418AB85A000DF400D /* RPCAdobeSwatchExchange.m */; };
		F6CAB2B01906A45600DA9745 /* RPCHexColorList.m in Sources */ = {isa = PBXBuildFile; fileRef = F6CAB2AF1906A45600DA9745 /* RPCHexColorList.m */; };
		F6CAB2B31906A7FF00DA9745 /* NSColor+Hexadecimal.m in Sources */ = {isa = PBXBuildFile; fileRef = F6CAB2B21906A7FF00DA9745 /* NSColor+Hexadecimal.m */; };
		F6FEBF3C1914DE0300045FB9 /* RPCMainWindow.m in Sources */ = {isa = PBXBuildFile; fileRef = F6FEBF3B1914DE0300045FB9 /* RPCMainWindow.m */; };
		F6FEBF3D1914E73A00045FB9 /* RPCAdobeSwatchExchange.m in Sources */ = {isa = PBXBuildFile; fileRef = F6A33F8418AB85A000DF400D /* RPCAdobeSwatchExchange.m */; };
		F6FEBF3E1914E73A00045FB9 /* NSData+Bigendian.m in Sources */ = {isa = PBXBuildFile; fileRef = F6A33F8718AB8FE300DF400D /* NSData+Bigendian.m */; };
/* End PBXBuildFile section */

/* Begin PBXContainerItemProxy section */
		F6A071231A125AF700CDFFD0 /* PBXContainerItemProxy */ = {
			isa = PBXContainerItemProxy;
			containerPortal = F6A33F6A18AB855F00DF400D /* Project object */;
			proxyType = 1;
			remoteGlobalIDString = F6A33F7118AB855F00DF400D;
			remoteInfo = Ase2Clr;
		};
		F6A071251A125AF700CDFFD0 /* PBXContainerItemProxy */ = {
			isa = PBXContainerItemProxy;
			containerPortal = F6A33F6A18AB855F00DF400D /* Project object */;
			proxyType = 1;
			remoteGlobalIDString = F6CAB29F1906A3CC00DA9745;
			remoteInfo = Html2Clr;
		};
		F6A071271A125AF700CDFFD0 /* PBXContainerItemProxy */ = {
			isa = PBXContainerItemProxy;
			containerPortal = F6A33F6A18AB855F00DF400D /* Project object */;
			proxyType = 1;
			remoteGlobalIDString = F6A33F8E18ABCB1800DF400D;
			remoteInfo = SwatchInstall;
		};
		F6A071291A125AF700CDFFD0 /* PBXContainerItemProxy */ = {
			isa = PBXContainerItemProxy;
			containerPortal = F6A33F6A18AB855F00DF400D /* Project object */;
			proxyType = 1;
			remoteGlobalIDString = F62BC4F3191E73D70040FD69;
			remoteInfo = Clr2Ase;
		};
		F6A0712B1A125AF700CDFFD0 /* PBXContainerItemProxy */ = {
			isa = PBXContainerItemProxy;
			containerPortal = F6A33F6A18AB855F00DF400D /* Project object */;
			proxyType = 1;
			remoteGlobalIDString = F6B9EC3019A6200B00C61B45;
			remoteInfo = Clr2Obj;
		};
/* End PBXContainerItemProxy section */

/* Begin PBXCopyFilesBuildPhase section */
		F62BC4F2191E73D70040FD69 /* CopyFiles */ = {
			isa = PBXCopyFilesBuildPhase;
			buildActionMask = 2147483647;
			dstPath = /usr/share/man/man1/;
			dstSubfolderSpec = 0;
			files = (
				F62BC4FC191E73D70040FD69 /* Clr2Ase.1 in CopyFiles */,
			);
			runOnlyForDeploymentPostprocessing = 1;
		};
		F6A33F7018AB855F00DF400D /* CopyFiles */ = {
			isa = PBXCopyFilesBuildPhase;
			buildActionMask = 2147483647;
			dstPath = /usr/share/man/man1/;
			dstSubfolderSpec = 0;
			files = (
				F6A33F7D18AB855F00DF400D /* Ase2Clr.1 in CopyFiles */,
			);
			runOnlyForDeploymentPostprocessing = 1;
		};
		F6B9EC2F19A6200B00C61B45 /* CopyFiles */ = {
			isa = PBXCopyFilesBuildPhase;
			buildActionMask = 2147483647;
			dstPath = /usr/share/man/man1/;
			dstSubfolderSpec = 0;
			files = (
				F6B9EC3919A6200C00C61B45 /* Clr2Obj.1 in CopyFiles */,
			);
			runOnlyForDeploymentPostprocessing = 1;
		};
		F6CAB29E1906A3CC00DA9745 /* CopyFiles */ = {
			isa = PBXCopyFilesBuildPhase;
			buildActionMask = 2147483647;
			dstPath = /usr/share/man/man1/;
			dstSubfolderSpec = 0;
			files = (
				F6CAB2A81906A3CC00DA9745 /* Html2Clr.1 in CopyFiles */,
			);
			runOnlyForDeploymentPostprocessing = 1;
		};
/* End PBXCopyFilesBuildPhase section */

/* Begin PBXFileReference section */
		F62BC4F4191E73D70040FD69 /* Clr2Ase */ = {isa = PBXFileReference; explicitFileType = "compiled.mach-o.executable"; includeInIndex = 0; path = Clr2Ase; sourceTree = BUILT_PRODUCTS_DIR; };
		F62BC4F7191E73D70040FD69 /* main.m */ = {isa = PBXFileReference; lastKnownFileType = sourcecode.c.objc; path = main.m; sourceTree = "<group>"; };
		F62BC4FA191E73D70040FD69 /* Clr2Ase-Prefix.pch */ = {isa = PBXFileReference; lastKnownFileType = sourcecode.c.h; path = "Clr2Ase-Prefix.pch"; sourceTree = "<group>"; };
		F62BC4FB191E73D70040FD69 /* Clr2Ase.1 */ = {isa = PBXFileReference; lastKnownFileType = text.man; path = Clr2Ase.1; sourceTree = "<group>"; };
		F6A33F7218AB855F00DF400D /* Ase2Clr */ = {isa = PBXFileReference; explicitFileType = "compiled.mach-o.executable"; includeInIndex = 0; path = Ase2Clr; sourceTree = BUILT_PRODUCTS_DIR; };
		F6A33F7518AB855F00DF400D /* Foundation.framework */ = {isa = PBXFileReference; lastKnownFileType = wrapper.framework; name = Foundation.framework; path = System/Library/Frameworks/Foundation.framework; sourceTree = SDKROOT; };
		F6A33F7818AB855F00DF400D /* main.m */ = {isa = PBXFileReference; lastKnownFileType = sourcecode.c.objc; path = main.m; sourceTree = "<group>"; };
		F6A33F7B18AB855F00DF400D /* Ase2Clr-Prefix.pch */ = {isa = PBXFileReference; lastKnownFileType = sourcecode.c.h; path = "Ase2Clr-Prefix.pch"; sourceTree = "<group>"; };
		F6A33F7C18AB855F00DF400D /* Ase2Clr.1 */ = {isa = PBXFileReference; lastKnownFileType = text.man; path = Ase2Clr.1; sourceTree = "<group>"; };
		F6A33F8318AB85A000DF400D /* RPCAdobeSwatchExchange.h */ = {isa = PBXFileReference; fileEncoding = 4; lastKnownFileType = sourcecode.c.h; name = RPCAdobeSwatchExchange.h; path = Ase2Clr/RPCAdobeSwatchExchange.h; sourceTree = "<group>"; };
		F6A33F8418AB85A000DF400D /* RPCAdobeSwatchExchange.m */ = {isa = PBXFileReference; fileEncoding = 4; lastKnownFileType = sourcecode.c.objc; name = RPCAdobeSwatchExchange.m; path = Ase2Clr/RPCAdobeSwatchExchange.m; sourceTree = "<group>"; };
		F6A33F8618AB8FE300DF400D /* NSData+Bigendian.h */ = {isa = PBXFileReference; fileEncoding = 4; lastKnownFileType = sourcecode.c.h; name = "NSData+Bigendian.h"; path = "Ase2Clr/NSData+Bigendian.h"; sourceTree = "<group>"; };
		F6A33F8718AB8FE300DF400D /* NSData+Bigendian.m */ = {isa = PBXFileReference; fileEncoding = 4; lastKnownFileType = sourcecode.c.objc; name = "NSData+Bigendian.m"; path = "Ase2Clr/NSData+Bigendian.m"; sourceTree = "<group>"; };
		F6A33F8918ABAD2E00DF400D /* AppKit.framework */ = {isa = PBXFileReference; lastKnownFileType = wrapper.framework; name = AppKit.framework; path = System/Library/Frameworks/AppKit.framework; sourceTree = SDKROOT; };
		F6A33F8F18ABCB1800DF400D /* SwatchInstall.app */ = {isa = PBXFileReference; explicitFileType = wrapper.application; includeInIndex = 0; path = SwatchInstall.app; sourceTree = BUILT_PRODUCTS_DIR; };
		F6A33F9018ABCB1800DF400D /* Cocoa.framework */ = {isa = PBXFileReference; lastKnownFileType = wrapper.framework; name = Cocoa.framework; path = System/Library/Frameworks/Cocoa.framework; sourceTree = SDKROOT; };
		F6A33F9318ABCB1800DF400D /* AppKit.framework */ = {isa = PBXFileReference; lastKnownFileType = wrapper.framework; name = AppKit.framework; path = System/Library/Frameworks/AppKit.framework; sourceTree = SDKROOT; };
		F6A33F9418ABCB1800DF400D /* CoreData.framework */ = {isa = PBXFileReference; lastKnownFileType = wrapper.framework; name = CoreData.framework; path = System/Library/Frameworks/CoreData.framework; sourceTree = SDKROOT; };
		F6A33F9518ABCB1800DF400D /* Foundation.framework */ = {isa = PBXFileReference; lastKnownFileType = wrapper.framework; name = Foundation.framework; path = System/Library/Frameworks/Foundation.framework; sourceTree = SDKROOT; };
		F6A33F9818ABCB1800DF400D /* SwatchInstall-Info.plist */ = {isa = PBXFileReference; lastKnownFileType = text.plist.xml; path = "SwatchInstall-Info.plist"; sourceTree = "<group>"; };
		F6A33F9A18ABCB1800DF400D /* en */ = {isa = PBXFileReference; lastKnownFileType = text.plist.strings; name = en; path = en.lproj/InfoPlist.strings; sourceTree = "<group>"; };
		F6A33F9C18ABCB1800DF400D /* main.m */ = {isa = PBXFileReference; lastKnownFileType = sourcecode.c.objc; path = main.m; sourceTree = "<group>"; };
		F6A33F9E18ABCB1800DF400D /* SwatchInstall-Prefix.pch */ = {isa = PBXFileReference; lastKnownFileType = sourcecode.c.h; path = "SwatchInstall-Prefix.pch"; sourceTree = "<group>"; };
		F6A33FA018ABCB1800DF400D /* en */ = {isa = PBXFileReference; lastKnownFileType = text.rtf; name = en; path = en.lproj/Credits.rtf; sourceTree = "<group>"; };
		F6A33FA218ABCB1800DF400D /* RPCAppDelegate.h */ = {isa = PBXFileReference; lastKnownFileType = sourcecode.c.h; path = RPCAppDelegate.h; sourceTree = "<group>"; };
		F6A33FA318ABCB1800DF400D /* RPCAppDelegate.m */ = {isa = PBXFileReference; lastKnownFileType = sourcecode.c.objc; path = RPCAppDelegate.m; sourceTree = "<group>"; };
		F6A33FA618ABCB1800DF400D /* Base */ = {isa = PBXFileReference; lastKnownFileType = file.xib; name = Base; path = Base.lproj/MainMenu.xib; sourceTree = "<group>"; };
		F6A33FA818ABCB1800DF400D /* Images.xcassets */ = {isa = PBXFileReference; lastKnownFileType = folder.assetcatalog; path = Images.xcassets; sourceTree = "<group>"; };
		F6A33FAF18ABCB1900DF400D /* XCTest.framework */ = {isa = PBXFileReference; lastKnownFileType = wrapper.framework; name = XCTest.framework; path = Library/Frameworks/XCTest.framework; sourceTree = DEVELOPER_DIR; };
		F6B9EC3119A6200B00C61B45 /* Clr2Obj */ = {isa = PBXFileReference; explicitFileType = "compiled.mach-o.executable"; includeInIndex = 0; path = Clr2Obj; sourceTree = BUILT_PRODUCTS_DIR; };
		F6B9EC3419A6200B00C61B45 /* main.m */ = {isa = PBXFileReference; lastKnownFileType = sourcecode.c.objc; path = main.m; sourceTree = "<group>"; };
		F6B9EC3719A6200B00C61B45 /* Clr2Obj-Prefix.pch */ = {isa = PBXFileReference; lastKnownFileType = sourcecode.c.h; path = "Clr2Obj-Prefix.pch"; sourceTree = "<group>"; };
		F6B9EC3819A6200C00C61B45 /* Clr2Obj.1 */ = {isa = PBXFileReference; lastKnownFileType = text.man; path = Clr2Obj.1; sourceTree = "<group>"; };
		F6B9EC3D19A6239400C61B45 /* NSString+CamelCaser.h */ = {isa = PBXFileReference; fileEncoding = 4; lastKnownFileType = sourcecode.c.h; name = "NSString+CamelCaser.h"; path = "Clr2Obj/NSString+CamelCaser.h"; sourceTree = "<group>"; };
		F6B9EC3E19A6239400C61B45 /* NSString+CamelCaser.m */ = {isa = PBXFileReference; fileEncoding = 4; lastKnownFileType = sourcecode.c.objc; name = "NSString+CamelCaser.m"; path = "Clr2Obj/NSString+CamelCaser.m"; sourceTree = "<group>"; };
		F6CAB2A01906A3CC00DA9745 /* Html2Clr */ = {isa = PBXFileReference; explicitFileType = "compiled.mach-o.executable"; includeInIndex = 0; path = Html2Clr; sourceTree = BUILT_PRODUCTS_DIR; };
		F6CAB2A31906A3CC00DA9745 /* main.m */ = {isa = PBXFileReference; lastKnownFileType = sourcecode.c.objc; path = main.m; sourceTree = "<group>"; };
		F6CAB2A61906A3CC00DA9745 /* Html2Clr-Prefix.pch */ = {isa = PBXFileReference; lastKnownFileType = sourcecode.c.h; path = "Html2Clr-Prefix.pch"; sourceTree = "<group>"; };
		F6CAB2A71906A3CC00DA9745 /* Html2Clr.1 */ = {isa = PBXFileReference; lastKnownFileType = text.man; path = Html2Clr.1; sourceTree = "<group>"; };
		F6CAB2AE1906A45600DA9745 /* RPCHexColorList.h */ = {isa = PBXFileReference; fileEncoding = 4; lastKnownFileType = sourcecode.c.h; name = RPCHexColorList.h; path = Html2Clr/RPCHexColorList.h; sourceTree = "<group>"; };
		F6CAB2AF1906A45600DA9745 /* RPCHexColorList.m */ = {isa = PBXFileReference; fileEncoding = 4; lastKnownFileType = sourcecode.c.objc; name = RPCHexColorList.m; path = Html2Clr/RPCHexColorList.m; sourceTree = "<group>"; };
		F6CAB2B11906A7FF00DA9745 /* NSColor+Hexadecimal.h */ = {isa = PBXFileReference; fileEncoding = 4; lastKnownFileType = sourcecode.c.h; name = "NSColor+Hexadecimal.h"; path = "Html2Clr/NSColor+Hexadecimal.h"; sourceTree = "<group>"; };
		F6CAB2B21906A7FF00DA9745 /* NSColor+Hexadecimal.m */ = {isa = PBXFileReference; fileEncoding = 4; lastKnownFileType = sourcecode.c.objc; name = "NSColor+Hexadecimal.m"; path = "Html2Clr/NSColor+Hexadecimal.m"; sourceTree = "<group>"; };
		F6FEBF3A1914DE0300045FB9 /* RPCMainWindow.h */ = {isa = PBXFileReference; fileEncoding = 4; lastKnownFileType = sourcecode.c.h; path = RPCMainWindow.h; sourceTree = "<group>"; };
		F6FEBF3B1914DE0300045FB9 /* RPCMainWindow.m */ = {isa = PBXFileReference; fileEncoding = 4; lastKnownFileType = sourcecode.c.objc; path = RPCMainWindow.m; sourceTree = "<group>"; };
/* End PBXFileReference section */

/* Begin PBXFrameworksBuildPhase section */
		F62BC4F1191E73D70040FD69 /* Frameworks */ = {
			isa = PBXFrameworksBuildPhase;
			buildActionMask = 2147483647;
			files = (
				F62BC4F5191E73D70040FD69 /* Foundation.framework in Frameworks */,
			);
			runOnlyForDeploymentPostprocessing = 0;
		};
		F6A33F6F18AB855F00DF400D /* Frameworks */ = {
			isa = PBXFrameworksBuildPhase;
			buildActionMask = 2147483647;
			files = (
				F6A33F8A18ABAD2E00DF400D /* AppKit.framework in Frameworks */,
				F6A33F7618AB855F00DF400D /* Foundation.framework in Frameworks */,
			);
			runOnlyForDeploymentPostprocessing = 0;
		};
		F6A33F8C18ABCB1800DF400D /* Frameworks */ = {
			isa = PBXFrameworksBuildPhase;
			buildActionMask = 2147483647;
			files = (
				F6A33F9118ABCB1800DF400D /* Cocoa.framework in Frameworks */,
			);
			runOnlyForDeploymentPostprocessing = 0;
		};
		F6B9EC2E19A6200B00C61B45 /* Frameworks */ = {
			isa = PBXFrameworksBuildPhase;
			buildActionMask = 2147483647;
			files = (
				F6B9EC3219A6200B00C61B45 /* Foundation.framework in Frameworks */,
			);
			runOnlyForDeploymentPostprocessing = 0;
		};
		F6CAB29D1906A3CC00DA9745 /* Frameworks */ = {
			isa = PBXFrameworksBuildPhase;
			buildActionMask = 2147483647;
			files = (
				F6CAB2A11906A3CC00DA9745 /* Foundation.framework in Frameworks */,
			);
			runOnlyForDeploymentPostprocessing = 0;
		};
/* End PBXFrameworksBuildPhase section */

/* Begin PBXGroup section */
		F62BC4F6191E73D70040FD69 /* Clr2Ase */ = {
			isa = PBXGroup;
			children = (
				F62BC4F7191E73D70040FD69 /* main.m */,
				F62BC4FB191E73D70040FD69 /* Clr2Ase.1 */,
				F62BC4F9191E73D70040FD69 /* Supporting Files */,
			);
			path = Clr2Ase;
			sourceTree = "<group>";
		};
		F62BC4F9191E73D70040FD69 /* Supporting Files */ = {
			isa = PBXGroup;
			children = (
				F62BC4FA191E73D70040FD69 /* Clr2Ase-Prefix.pch */,
			);
			name = "Supporting Files";
			sourceTree = "<group>";
		};
		F6A0712D1A125B7700CDFFD0 /* Classes */ = {
			isa = PBXGroup;
			children = (
				F6A33F8318AB85A000DF400D /* RPCAdobeSwatchExchange.h */,
				F6A33F8418AB85A000DF400D /* RPCAdobeSwatchExchange.m */,
				F6A33F8618AB8FE300DF400D /* NSData+Bigendian.h */,
				F6A33F8718AB8FE300DF400D /* NSData+Bigendian.m */,
				F6B9EC3D19A6239400C61B45 /* NSString+CamelCaser.h */,
				F6B9EC3E19A6239400C61B45 /* NSString+CamelCaser.m */,
				F6CAB2AE1906A45600DA9745 /* RPCHexColorList.h */,
				F6CAB2AF1906A45600DA9745 /* RPCHexColorList.m */,
				F6CAB2B11906A7FF00DA9745 /* NSColor+Hexadecimal.h */,
				F6CAB2B21906A7FF00DA9745 /* NSColor+Hexadecimal.m */,
			);
			name = Classes;
			sourceTree = "<group>";
		};
		F6A33F6918AB855F00DF400D = {
			isa = PBXGroup;
			children = (
				F6A0712D1A125B7700CDFFD0 /* Classes */,
				F62BC4F6191E73D70040FD69 /* Clr2Ase */,
				F6A33F7718AB855F00DF400D /* Ase2Clr */,
				F6A33F9618ABCB1800DF400D /* SwatchInstall */,
				F6CAB2A21906A3CC00DA9745 /* Html2Clr */,
				F6B9EC3319A6200B00C61B45 /* Clr2Obj */,
				F6A33F7418AB855F00DF400D /* Frameworks */,
				F6A33F7318AB855F00DF400D /* Products */,
			);
			sourceTree = "<group>";
		};
		F6A33F7318AB855F00DF400D /* Products */ = {
			isa = PBXGroup;
			children = (
				F6A33F7218AB855F00DF400D /* Ase2Clr */,
				F6A33F8F18ABCB1800DF400D /* SwatchInstall.app */,
				F6CAB2A01906A3CC00DA9745 /* Html2Clr */,
				F62BC4F4191E73D70040FD69 /* Clr2Ase */,
				F6B9EC3119A6200B00C61B45 /* Clr2Obj */,
			);
			name = Products;
			sourceTree = "<group>";
		};
		F6A33F7418AB855F00DF400D /* Frameworks */ = {
			isa = PBXGroup;
			children = (
				F6A33F8918ABAD2E00DF400D /* AppKit.framework */,
				F6A33F7518AB855F00DF400D /* Foundation.framework */,
				F6A33F9018ABCB1800DF400D /* Cocoa.framework */,
				F6A33FAF18ABCB1900DF400D /* XCTest.framework */,
				F6A33F9218ABCB1800DF400D /* Other Frameworks */,
			);
			name = Frameworks;
			sourceTree = "<group>";
		};
		F6A33F7718AB855F00DF400D /* Ase2Clr */ = {
			isa = PBXGroup;
			children = (
				F6A33F7818AB855F00DF400D /* main.m */,
				F6A33F7C18AB855F00DF400D /* Ase2Clr.1 */,
				F6A33F7A18AB855F00DF400D /* Supporting Files */,
			);
			path = Ase2Clr;
			sourceTree = "<group>";
		};
		F6A33F7A18AB855F00DF400D /* Supporting Files */ = {
			isa = PBXGroup;
			children = (
				F6A33F7B18AB855F00DF400D /* Ase2Clr-Prefix.pch */,
			);
			name = "Supporting Files";
			sourceTree = "<group>";
		};
		F6A33F9218ABCB1800DF400D /* Other Frameworks */ = {
			isa = PBXGroup;
			children = (
				F6A33F9318ABCB1800DF400D /* AppKit.framework */,
				F6A33F9418ABCB1800DF400D /* CoreData.framework */,
				F6A33F9518ABCB1800DF400D /* Foundation.framework */,
			);
			name = "Other Frameworks";
			sourceTree = "<group>";
		};
		F6A33F9618ABCB1800DF400D /* SwatchInstall */ = {
			isa = PBXGroup;
			children = (
				F6A33FA218ABCB1800DF400D /* RPCAppDelegate.h */,
				F6A33FA318ABCB1800DF400D /* RPCAppDelegate.m */,
				F6A33FA518ABCB1800DF400D /* MainMenu.xib */,
				F6A33FA818ABCB1800DF400D /* Images.xcassets */,
				F6A33F9718ABCB1800DF400D /* Supporting Files */,
				F6FEBF3A1914DE0300045FB9 /* RPCMainWindow.h */,
				F6FEBF3B1914DE0300045FB9 /* RPCMainWindow.m */,
			);
			path = SwatchInstall;
			sourceTree = "<group>";
		};
		F6A33F9718ABCB1800DF400D /* Supporting Files */ = {
			isa = PBXGroup;
			children = (
				F6A33F9818ABCB1800DF400D /* SwatchInstall-Info.plist */,
				F6A33F9918ABCB1800DF400D /* InfoPlist.strings */,
				F6A33F9C18ABCB1800DF400D /* main.m */,
				F6A33F9E18ABCB1800DF400D /* SwatchInstall-Prefix.pch */,
				F6A33F9F18ABCB1800DF400D /* Credits.rtf */,
			);
			name = "Supporting Files";
			sourceTree = "<group>";
		};
		F6B9EC3319A6200B00C61B45 /* Clr2Obj */ = {
			isa = PBXGroup;
			children = (
				F6B9EC3419A6200B00C61B45 /* main.m */,
				F6B9EC3819A6200C00C61B45 /* Clr2Obj.1 */,
				F6B9EC3619A6200B00C61B45 /* Supporting Files */,
			);
			path = Clr2Obj;
			sourceTree = "<group>";
		};
		F6B9EC3619A6200B00C61B45 /* Supporting Files */ = {
			isa = PBXGroup;
			children = (
				F6B9EC3719A6200B00C61B45 /* Clr2Obj-Prefix.pch */,
			);
			name = "Supporting Files";
			sourceTree = "<group>";
		};
		F6CAB2A21906A3CC00DA9745 /* Html2Clr */ = {
			isa = PBXGroup;
			children = (
				F6CAB2A31906A3CC00DA9745 /* main.m */,
				F6CAB2A71906A3CC00DA9745 /* Html2Clr.1 */,
				F6CAB2A51906A3CC00DA9745 /* Supporting Files */,
			);
			path = Html2Clr;
			sourceTree = "<group>";
		};
		F6CAB2A51906A3CC00DA9745 /* Supporting Files */ = {
			isa = PBXGroup;
			children = (
				F6CAB2A61906A3CC00DA9745 /* Html2Clr-Prefix.pch */,
			);
			name = "Supporting Files";
			sourceTree = "<group>";
		};
/* End PBXGroup section */

/* Begin PBXNativeTarget section */
		F62BC4F3191E73D70040FD69 /* Clr2Ase */ = {
			isa = PBXNativeTarget;
			buildConfigurationList = F62BC4FF191E73D70040FD69 /* Build configuration list for PBXNativeTarget "Clr2Ase" */;
			buildPhases = (
				F62BC4F0191E73D70040FD69 /* Sources */,
				F62BC4F1191E73D70040FD69 /* Frameworks */,
				F62BC4F2191E73D70040FD69 /* CopyFiles */,
			);
			buildRules = (
			);
			dependencies = (
			);
			name = Clr2Ase;
			productName = Clr2Ase;
			productReference = F62BC4F4191E73D70040FD69 /* Clr2Ase */;
			productType = "com.apple.product-type.tool";
		};
		F6A33F7118AB855F00DF400D /* Ase2Clr */ = {
			isa = PBXNativeTarget;
			buildConfigurationList = F6A33F8018AB855F00DF400D /* Build configuration list for PBXNativeTarget "Ase2Clr" */;
			buildPhases = (
				F6A33F6E18AB855F00DF400D /* Sources */,
				F6A33F6F18AB855F00DF400D /* Frameworks */,
				F6A33F7018AB855F00DF400D /* CopyFiles */,
			);
			buildRules = (
			);
			dependencies = (
			);
			name = Ase2Clr;
			productName = Ase2Clr;
			productReference = F6A33F7218AB855F00DF400D /* Ase2Clr */;
			productType = "com.apple.product-type.tool";
		};
		F6A33F8E18ABCB1800DF400D /* SwatchInstall */ = {
			isa = PBXNativeTarget;
			buildConfigurationList = F6A33FC018ABCB1900DF400D /* Build configuration list for PBXNativeTarget "SwatchInstall" */;
			buildPhases = (
				F6A33F8B18ABCB1800DF400D /* Sources */,
				F6A33F8C18ABCB1800DF400D /* Frameworks */,
				F6A33F8D18ABCB1800DF400D /* Resources */,
			);
			buildRules = (
			);
			dependencies = (
			);
			name = SwatchInstall;
			productName = SwatchInstall;
			productReference = F6A33F8F18ABCB1800DF400D /* SwatchInstall.app */;
			productType = "com.apple.product-type.application";
		};
		F6B9EC3019A6200B00C61B45 /* Clr2Obj */ = {
			isa = PBXNativeTarget;
			buildConfigurationList = F6B9EC3C19A6200C00C61B45 /* Build configuration list for PBXNativeTarget "Clr2Obj" */;
			buildPhases = (
				F6B9EC2D19A6200B00C61B45 /* Sources */,
				F6B9EC2E19A6200B00C61B45 /* Frameworks */,
				F6B9EC2F19A6200B00C61B45 /* CopyFiles */,
			);
			buildRules = (
			);
			dependencies = (
			);
			name = Clr2Obj;
			productName = Clr2Obj;
			productReference = F6B9EC3119A6200B00C61B45 /* Clr2Obj */;
			productType = "com.apple.product-type.tool";
		};
		F6CAB29F1906A3CC00DA9745 /* Html2Clr */ = {
			isa = PBXNativeTarget;
			buildConfigurationList = F6CAB2AB1906A3CC00DA9745 /* Build configuration list for PBXNativeTarget "Html2Clr" */;
			buildPhases = (
				F6CAB29C1906A3CC00DA9745 /* Sources */,
				F6CAB29D1906A3CC00DA9745 /* Frameworks */,
				F6CAB29E1906A3CC00DA9745 /* CopyFiles */,
			);
			buildRules = (
			);
			dependencies = (
			);
			name = Html2Clr;
			productName = Html2Clr;
			productReference = F6CAB2A01906A3CC00DA9745 /* Html2Clr */;
			productType = "com.apple.product-type.tool";
		};
/* End PBXNativeTarget section */

/* Begin PBXProject section */
		F6A33F6A18AB855F00DF400D /* Project object */ = {
			isa = PBXProject;
			attributes = {
				LastUpgradeCheck = 0500;
				ORGANIZATIONNAME = "Ramon Poca";
				TargetAttributes = {
					F6A0711F1A125ADE00CDFFD0 = {
						CreatedOnToolsVersion = 6.1;
					};
				};
			};
			buildConfigurationList = F6A33F6D18AB855F00DF400D /* Build configuration list for PBXProject "ColorTools" */;
			compatibilityVersion = "Xcode 3.2";
			developmentRegion = English;
			hasScannedForEncodings = 0;
			knownRegions = (
				en,
				Base,
			);
			mainGroup = F6A33F6918AB855F00DF400D;
			productRefGroup = F6A33F7318AB855F00DF400D /* Products */;
			projectDirPath = "";
			projectRoot = "";
			targets = (
				F6A0711F1A125ADE00CDFFD0 /* ColorTools */,
				F6A33F7118AB855F00DF400D /* Ase2Clr */,
				F6CAB29F1906A3CC00DA9745 /* Html2Clr */,
				F6A33F8E18ABCB1800DF400D /* SwatchInstall */,
				F62BC4F3191E73D70040FD69 /* Clr2Ase */,
				F6B9EC3019A6200B00C61B45 /* Clr2Obj */,
			);
		};
/* End PBXProject section */

/* Begin PBXResourcesBuildPhase section */
		F6A33F8D18ABCB1800DF400D /* Resources */ = {
			isa = PBXResourcesBuildPhase;
			buildActionMask = 2147483647;
			files = (
				F6A33F9B18ABCB1800DF400D /* InfoPlist.strings in Resources */,
				F6A33FA918ABCB1800DF400D /* Images.xcassets in Resources */,
				F6A33FA118ABCB1800DF400D /* Credits.rtf in Resources */,
				F6A33FA718ABCB1800DF400D /* MainMenu.xib in Resources */,
			);
			runOnlyForDeploymentPostprocessing = 0;
		};
/* End PBXResourcesBuildPhase section */

/* Begin PBXSourcesBuildPhase section */
		F62BC4F0191E73D70040FD69 /* Sources */ = {
			isa = PBXSourcesBuildPhase;
			buildActionMask = 2147483647;
			files = (
				F62BC500191E845C0040FD69 /* RPCAdobeSwatchExchange.m in Sources */,
				F62BC501191E845C0040FD69 /* NSData+Bigendian.m in Sources */,
				F62BC4F8191E73D70040FD69 /* main.m in Sources */,
			);
			runOnlyForDeploymentPostprocessing = 0;
		};
		F6A33F6E18AB855F00DF400D /* Sources */ = {
			isa = PBXSourcesBuildPhase;
			buildActionMask = 2147483647;
			files = (
				F6A33F8818AB8FE300DF400D /* NSData+Bigendian.m in Sources */,
				F6A33F8518AB85A000DF400D /* RPCAdobeSwatchExchange.m in Sources */,
				F6A33F7918AB855F00DF400D /* main.m in Sources */,
			);
			runOnlyForDeploymentPostprocessing = 0;
		};
		F6A33F8B18ABCB1800DF400D /* Sources */ = {
			isa = PBXSourcesBuildPhase;
			buildActionMask = 2147483647;
			files = (
				F6FEBF3D1914E73A00045FB9 /* RPCAdobeSwatchExchange.m in Sources */,
				F6FEBF3E1914E73A00045FB9 /* NSData+Bigendian.m in Sources */,
				F6FEBF3C1914DE0300045FB9 /* RPCMainWindow.m in Sources */,
				F6A33FA418ABCB1800DF400D /* RPCAppDelegate.m in Sources */,
				F6A33F9D18ABCB1800DF400D /* main.m in Sources */,
			);
			runOnlyForDeploymentPostprocessing = 0;
		};
		F6B9EC2D19A6200B00C61B45 /* Sources */ = {
			isa = PBXSourcesBuildPhase;
			buildActionMask = 2147483647;
			files = (
				F6B9EC3519A6200B00C61B45 /* main.m in Sources */,
				F6B9EC3F19A6239400C61B45 /* NSString+CamelCaser.m in Sources */,
			);
			runOnlyForDeploymentPostprocessing = 0;
		};
		F6CAB29C1906A3CC00DA9745 /* Sources */ = {
			isa = PBXSourcesBuildPhase;
			buildActionMask = 2147483647;
			files = (
				F6CAB2A41906A3CC00DA9745 /* main.m in Sources */,
				F6CAB2B01906A45600DA9745 /* RPCHexColorList.m in Sources */,
				F6CAB2AC1906A3E900DA9745 /* NSData+Bigendian.m in Sources */,
				F6CAB2AD1906A3EC00DA9745 /* RPCAdobeSwatchExchange.m in Sources */,
				F6CAB2B31906A7FF00DA9745 /* NSColor+Hexadecimal.m in Sources */,
			);
			runOnlyForDeploymentPostprocessing = 0;
		};
/* End PBXSourcesBuildPhase section */

/* Begin PBXTargetDependency section */
		F6A071241A125AF700CDFFD0 /* PBXTargetDependency */ = {
			isa = PBXTargetDependency;
			target = F6A33F7118AB855F00DF400D /* Ase2Clr */;
			targetProxy = F6A071231A125AF700CDFFD0 /* PBXContainerItemProxy */;
		};
		F6A071261A125AF700CDFFD0 /* PBXTargetDependency */ = {
			isa = PBXTargetDependency;
			target = F6CAB29F1906A3CC00DA9745 /* Html2Clr */;
			targetProxy = F6A071251A125AF700CDFFD0 /* PBXContainerItemProxy */;
		};
		F6A071281A125AF700CDFFD0 /* PBXTargetDependency */ = {
			isa = PBXTargetDependency;
			target = F6A33F8E18ABCB1800DF400D /* SwatchInstall */;
			targetProxy = F6A071271A125AF700CDFFD0 /* PBXContainerItemProxy */;
		};
		F6A0712A1A125AF700CDFFD0 /* PBXTargetDependency */ = {
			isa = PBXTargetDependency;
			target = F62BC4F3191E73D70040FD69 /* Clr2Ase */;
			targetProxy = F6A071291A125AF700CDFFD0 /* PBXContainerItemProxy */;
		};
		F6A0712C1A125AF700CDFFD0 /* PBXTargetDependency */ = {
			isa = PBXTargetDependency;
			target = F6B9EC3019A6200B00C61B45 /* Clr2Obj */;
			targetProxy = F6A0712B1A125AF700CDFFD0 /* PBXContainerItemProxy */;
		};
/* End PBXTargetDependency section */

/* Begin PBXVariantGroup section */
		F6A33F9918ABCB1800DF400D /* InfoPlist.strings */ = {
			isa = PBXVariantGroup;
			children = (
				F6A33F9A18ABCB1800DF400D /* en */,
			);
			name = InfoPlist.strings;
			sourceTree = "<group>";
		};
		F6A33F9F18ABCB1800DF400D /* Credits.rtf */ = {
			isa = PBXVariantGroup;
			children = (
				F6A33FA018ABCB1800DF400D /* en */,
			);
			name = Credits.rtf;
			sourceTree = "<group>";
		};
		F6A33FA518ABCB1800DF400D /* MainMenu.xib */ = {
			isa = PBXVariantGroup;
			children = (
				F6A33FA618ABCB1800DF400D /* Base */,
			);
			name = MainMenu.xib;
			sourceTree = "<group>";
		};
/* End PBXVariantGroup section */

/* Begin XCBuildConfiguration section */
		F62BC4FD191E73D70040FD69 /* Debug */ = {
			isa = XCBuildConfiguration;
			buildSettings = {
				CLANG_ENABLE_MODULES = YES;
				GCC_PRECOMPILE_PREFIX_HEADER = YES;
				GCC_PREFIX_HEADER = "Clr2Ase/Clr2Ase-Prefix.pch";
				GCC_PREPROCESSOR_DEFINITIONS = (
					"DEBUG=1",
					"$(inherited)",
				);
				GCC_WARN_UNINITIALIZED_AUTOS = YES_AGGRESSIVE;
				PRODUCT_NAME = "$(TARGET_NAME)";
			};
			name = Debug;
		};
		F62BC4FE191E73D70040FD69 /* Release */ = {
			isa = XCBuildConfiguration;
			buildSettings = {
				CLANG_ENABLE_MODULES = YES;
				GCC_PRECOMPILE_PREFIX_HEADER = YES;
				GCC_PREFIX_HEADER = "Clr2Ase/Clr2Ase-Prefix.pch";
				GCC_WARN_UNINITIALIZED_AUTOS = YES_AGGRESSIVE;
				PRODUCT_NAME = "$(TARGET_NAME)";
			};
			name = Release;
		};
		F6A071201A125ADF00CDFFD0 /* Debug */ = {
			isa = XCBuildConfiguration;
			buildSettings = {
				PRODUCT_NAME = "$(TARGET_NAME)";
			};
			name = Debug;
		};
		F6A071211A125ADF00CDFFD0 /* Release */ = {
			isa = XCBuildConfiguration;
			buildSettings = {
				PRODUCT_NAME = "$(TARGET_NAME)";
			};
			name = Release;
		};
		F6A33F7E18AB855F00DF400D /* Debug */ = {
			isa = XCBuildConfiguration;
			buildSettings = {
				ALWAYS_SEARCH_USER_PATHS = NO;
				CLANG_CXX_LANGUAGE_STANDARD = "gnu++0x";
				CLANG_CXX_LIBRARY = "libc++";
				CLANG_ENABLE_OBJC_ARC = YES;
				CLANG_WARN_BOOL_CONVERSION = YES;
				CLANG_WARN_CONSTANT_CONVERSION = YES;
				CLANG_WARN_DIRECT_OBJC_ISA_USAGE = YES_ERROR;
				CLANG_WARN_EMPTY_BODY = YES;
				CLANG_WARN_ENUM_CONVERSION = YES;
				CLANG_WARN_INT_CONVERSION = YES;
				CLANG_WARN_OBJC_ROOT_CLASS = YES_ERROR;
				CLANG_WARN__DUPLICATE_METHOD_MATCH = YES;
				COPY_PHASE_STRIP = NO;
				GCC_C_LANGUAGE_STANDARD = gnu99;
				GCC_DYNAMIC_NO_PIC = NO;
				GCC_ENABLE_OBJC_EXCEPTIONS = YES;
				GCC_OPTIMIZATION_LEVEL = 0;
				GCC_PREPROCESSOR_DEFINITIONS = (
					"DEBUG=1",
					"$(inherited)",
				);
				GCC_SYMBOLS_PRIVATE_EXTERN = NO;
				GCC_WARN_64_TO_32_BIT_CONVERSION = YES;
				GCC_WARN_ABOUT_RETURN_TYPE = YES_ERROR;
				GCC_WARN_UNDECLARED_SELECTOR = YES;
				GCC_WARN_UNINITIALIZED_AUTOS = YES;
				GCC_WARN_UNUSED_FUNCTION = YES;
				GCC_WARN_UNUSED_VARIABLE = YES;
				MACOSX_DEPLOYMENT_TARGET = 10.9;
				ONLY_ACTIVE_ARCH = YES;
				SDKROOT = macosx;
			};
			name = Debug;
		};
		F6A33F7F18AB855F00DF400D /* Release */ = {
			isa = XCBuildConfiguration;
			buildSettings = {
				ALWAYS_SEARCH_USER_PATHS = NO;
				CLANG_CXX_LANGUAGE_STANDARD = "gnu++0x";
				CLANG_CXX_LIBRARY = "libc++";
				CLANG_ENABLE_OBJC_ARC = YES;
				CLANG_WARN_BOOL_CONVERSION = YES;
				CLANG_WARN_CONSTANT_CONVERSION = YES;
				CLANG_WARN_DIRECT_OBJC_ISA_USAGE = YES_ERROR;
				CLANG_WARN_EMPTY_BODY = YES;
				CLANG_WARN_ENUM_CONVERSION = YES;
				CLANG_WARN_INT_CONVERSION = YES;
				CLANG_WARN_OBJC_ROOT_CLASS = YES_ERROR;
				CLANG_WARN__DUPLICATE_METHOD_MATCH = YES;
				COPY_PHASE_STRIP = YES;
				DEBUG_INFORMATION_FORMAT = "dwarf-with-dsym";
				ENABLE_NS_ASSERTIONS = NO;
				GCC_C_LANGUAGE_STANDARD = gnu99;
				GCC_ENABLE_OBJC_EXCEPTIONS = YES;
				GCC_WARN_64_TO_32_BIT_CONVERSION = YES;
				GCC_WARN_ABOUT_RETURN_TYPE = YES_ERROR;
				GCC_WARN_UNDECLARED_SELECTOR = YES;
				GCC_WARN_UNINITIALIZED_AUTOS = YES;
				GCC_WARN_UNUSED_FUNCTION = YES;
				GCC_WARN_UNUSED_VARIABLE = YES;
				MACOSX_DEPLOYMENT_TARGET = 10.9;
				SDKROOT = macosx;
			};
			name = Release;
		};
		F6A33F8118AB855F00DF400D /* Debug */ = {
			isa = XCBuildConfiguration;
			buildSettings = {
				GCC_PRECOMPILE_PREFIX_HEADER = YES;
				GCC_PREFIX_HEADER = "Ase2Clr/Ase2Clr-Prefix.pch";
				PRODUCT_NAME = "$(TARGET_NAME)";
			};
			name = Debug;
		};
		F6A33F8218AB855F00DF400D /* Release */ = {
			isa = XCBuildConfiguration;
			buildSettings = {
				GCC_PRECOMPILE_PREFIX_HEADER = YES;
				GCC_PREFIX_HEADER = "Ase2Clr/Ase2Clr-Prefix.pch";
				PRODUCT_NAME = "$(TARGET_NAME)";
			};
			name = Release;
		};
		F6A33FBC18ABCB1900DF400D /* Debug */ = {
			isa = XCBuildConfiguration;
			buildSettings = {
				ASSETCATALOG_COMPILER_APPICON_NAME = AppIcon;
				COMBINE_HIDPI_IMAGES = YES;
				GCC_PRECOMPILE_PREFIX_HEADER = YES;
				GCC_PREFIX_HEADER = "SwatchInstall/SwatchInstall-Prefix.pch";
				GCC_PREPROCESSOR_DEFINITIONS = (
					"DEBUG=1",
					"$(inherited)",
				);
				INFOPLIST_FILE = "SwatchInstall/SwatchInstall-Info.plist";
				PRODUCT_NAME = "$(TARGET_NAME)";
				WRAPPER_EXTENSION = app;
			};
			name = Debug;
		};
		F6A33FBD18ABCB1900DF400D /* Release */ = {
			isa = XCBuildConfiguration;
			buildSettings = {
				ASSETCATALOG_COMPILER_APPICON_NAME = AppIcon;
				COMBINE_HIDPI_IMAGES = YES;
				GCC_PRECOMPILE_PREFIX_HEADER = YES;
				GCC_PREFIX_HEADER = "SwatchInstall/SwatchInstall-Prefix.pch";
				INFOPLIST_FILE = "SwatchInstall/SwatchInstall-Info.plist";
				PRODUCT_NAME = "$(TARGET_NAME)";
				WRAPPER_EXTENSION = app;
			};
			name = Release;
		};
		F6B9EC3A19A6200C00C61B45 /* Debug */ = {
			isa = XCBuildConfiguration;
			buildSettings = {
				CLANG_ENABLE_MODULES = YES;
				GCC_PRECOMPILE_PREFIX_HEADER = YES;
				GCC_PREFIX_HEADER = "Clr2Obj/Clr2Obj-Prefix.pch";
				GCC_PREPROCESSOR_DEFINITIONS = (
					"DEBUG=1",
					"$(inherited)",
				);
				GCC_WARN_UNINITIALIZED_AUTOS = YES_AGGRESSIVE;
				PRODUCT_NAME = "$(TARGET_NAME)";
			};
			name = Debug;
		};
		F6B9EC3B19A6200C00C61B45 /* Release */ = {
			isa = XCBuildConfiguration;
			buildSettings = {
				CLANG_ENABLE_MODULES = YES;
				GCC_PRECOMPILE_PREFIX_HEADER = YES;
				GCC_PREFIX_HEADER = "Clr2Obj/Clr2Obj-Prefix.pch";
				GCC_WARN_UNINITIALIZED_AUTOS = YES_AGGRESSIVE;
				PRODUCT_NAME = "$(TARGET_NAME)";
			};
			name = Release;
		};
		F6CAB2A91906A3CC00DA9745 /* Debug */ = {
			isa = XCBuildConfiguration;
			buildSettings = {
				CLANG_ENABLE_MODULES = YES;
				GCC_PRECOMPILE_PREFIX_HEADER = YES;
				GCC_PREFIX_HEADER = "Html2Clr/Html2Clr-Prefix.pch";
				GCC_PREPROCESSOR_DEFINITIONS = (
					"DEBUG=1",
					"$(inherited)",
				);
				GCC_WARN_UNINITIALIZED_AUTOS = YES_AGGRESSIVE;
				PRODUCT_NAME = "$(TARGET_NAME)";
			};
			name = Debug;
		};
		F6CAB2AA1906A3CC00DA9745 /* Release */ = {
			isa = XCBuildConfiguration;
			buildSettings = {
				CLANG_ENABLE_MODULES = YES;
				GCC_PRECOMPILE_PREFIX_HEADER = YES;
				GCC_PREFIX_HEADER = "Html2Clr/Html2Clr-Prefix.pch";
				GCC_WARN_UNINITIALIZED_AUTOS = YES_AGGRESSIVE;
				PRODUCT_NAME = "$(TARGET_NAME)";
			};
			name = Release;
		};
/* End XCBuildConfiguration section */

/* Begin XCConfigurationList section */
		F62BC4FF191E73D70040FD69 /* Build configuration list for PBXNativeTarget "Clr2Ase" */ = {
			isa = XCConfigurationList;
			buildConfigurations = (
				F62BC4FD191E73D70040FD69 /* Debug */,
				F62BC4FE191E73D70040FD69 /* Release */,
			);
			defaultConfigurationIsVisible = 0;
			defaultConfigurationName = Release;
		};
		F6A071221A125ADF00CDFFD0 /* Build configuration list for PBXAggregateTarget "ColorTools" */ = {
			isa = XCConfigurationList;
			buildConfigurations = (
				F6A071201A125ADF00CDFFD0 /* Debug */,
				F6A071211A125ADF00CDFFD0 /* Release */,
			);
			defaultConfigurationIsVisible = 0;
		};
		F6A33F6D18AB855F00DF400D /* Build configuration list for PBXProject "ColorTools" */ = {
			isa = XCConfigurationList;
			buildConfigurations = (
				F6A33F7E18AB855F00DF400D /* Debug */,
				F6A33F7F18AB855F00DF400D /* Release */,
			);
			defaultConfigurationIsVisible = 0;
			defaultConfigurationName = Release;
		};
		F6A33F8018AB855F00DF400D /* Build configuration list for PBXNativeTarget "Ase2Clr" */ = {
			isa = XCConfigurationList;
			buildConfigurations = (
				F6A33F8118AB855F00DF400D /* Debug */,
				F6A33F8218AB855F00DF400D /* Release */,
			);
			defaultConfigurationIsVisible = 0;
			defaultConfigurationName = Release;
		};
		F6A33FC018ABCB1900DF400D /* Build configuration list for PBXNativeTarget "SwatchInstall" */ = {
			isa = XCConfigurationList;
			buildConfigurations = (
				F6A33FBC18ABCB1900DF400D /* Debug */,
				F6A33FBD18ABCB1900DF400D /* Release */,
			);
			defaultConfigurationIsVisible = 0;
			defaultConfigurationName = Release;
		};
		F6B9EC3C19A6200C00C61B45 /* Build configuration list for PBXNativeTarget "Clr2Obj" */ = {
			isa = XCConfigurationList;
			buildConfigurations = (
				F6B9EC3A19A6200C00C61B45 /* Debug */,
				F6B9EC3B19A6200C00C61B45 /* Release */,
			);
			defaultConfigurationIsVisible = 0;
			defaultConfigurationName = Release;
		};
		F6CAB2AB1906A3CC00DA9745 /* Build configuration list for PBXNativeTarget "Html2Clr" */ = {
			isa = XCConfigurationList;
			buildConfigurations = (
				F6CAB2A91906A3CC00DA9745 /* Debug */,
				F6CAB2AA1906A3CC00DA9745 /* Release */,
			);
			defaultConfigurationIsVisible = 0;
			defaultConfigurationName = Release;
		};
/* End XCConfigurationList section */
	};
	rootObject = F6A33F6A18AB855F00DF400D /* Project object */;
}
